#MicroXplorer Configuration settings - do not modify
CAD.formats=
CAD.pinconfig=
CAD.provider=
File.Version=6
GPIO.groupedBy=
I2C1.IPParameters=Timing
I2C1.Timing=0x00303D5B
KeepUserPlacement=false
MMTAppRegionsCount=0
MMTConfigApplied=false
MMTSectionSuffix=
Mcu.CPN=STM32WB09KEV6TR
Mcu.Family=STM32WB0
Mcu.IP0=CORTEX_M0+
Mcu.IP1=DEBUG
Mcu.IP10=SPI3
Mcu.IP11=SYS
Mcu.IP12=TIM2
Mcu.IP2=I2C1
Mcu.IP3=LPUART1
Mcu.IP4=MEMORYMAP
Mcu.IP5=NVIC
Mcu.IP6=PWR
Mcu.IP7=RADIO
Mcu.IP8=RADIO_TIMER
Mcu.IP9=RCC
Mcu.IPNb=13
Mcu.Name=STM32WB09KEVx
Mcu.Package=VFQFPN32
Mcu.Pin0=PB3
Mcu.Pin1=PB2
Mcu.Pin10=RF1
Mcu.Pin11=OSCOUT
Mcu.Pin12=OSCIN
Mcu.Pin13=PB14
Mcu.Pin14=PB13
Mcu.Pin15=PB12
Mcu.Pin16=PB7
Mcu.Pin17=PB6
Mcu.Pin18=PB5
Mcu.Pin19=PB4
Mcu.Pin2=PB0
Mcu.Pin20=VP_PWR_VS_SECSignals
Mcu.Pin21=VP_RADIO_TIMER_VS_RADIO
Mcu.Pin22=VP_SYS_VS_Systick
Mcu.Pin23=VP_TIM2_VS_ClockSourceINT
Mcu.Pin24=VP_MEMORYMAP_VS_MEMORYMAP
Mcu.Pin3=PA3
Mcu.Pin4=PA2
Mcu.Pin5=PA1
Mcu.Pin6=PA0
Mcu.Pin7=PA8
Mcu.Pin8=PA9
Mcu.Pin9=PA11
Mcu.PinsNb=25
Mcu.ThirdPartyNb=0
Mcu.UserConstants=
Mcu.UserName=STM32WB09KEVx
MxCube.Version=6.17.0
MxDb.Version=DB.6.0.170
NVIC.ForceEnableDMAVector=true
NVIC.HardFault_IRQn=true\:0\:0\:false\:false\:true\:false\:false\:false
NVIC.NonMaskableInt_IRQn=true\:0\:0\:false\:false\:true\:false\:false\:false
NVIC.PendSV_IRQn=true\:0\:0\:false\:false\:true\:false\:false\:false
NVIC.RADIO_TIMER_CPU_WKUP_IRQn=true\:0\:0\:false\:false\:true\:false\:true\:true
NVIC.RADIO_TIMER_ERROR_IRQn=true\:0\:0\:false\:false\:true\:false\:true\:true
NVIC.RADIO_TXRX_IRQn=true\:0\:0\:false\:false\:true\:false\:true\:true
NVIC.RADIO_TXRX_SEQ_IRQn=true\:0\:0\:false\:false\:true\:false\:true\:true
NVIC.SVCall_IRQn=true\:0\:0\:false\:false\:true\:false\:false\:false
NVIC.SysTick_IRQn=true\:3\:0\:false\:false\:true\:false\:true\:false
OSCIN.Mode=HSE-External-Oscillator
OSCIN.Signal=RCC_OSC_IN
OSCOUT.Mode=HSE-External-Oscillator
OSCOUT.Signal=RCC_OSC_OUT
PA0.Mode=I2C
PA0.Signal=I2C1_SCL
PA1.Mode=I2C
PA1.Signal=I2C1_SDA
PA11.Locked=true
PA11.Mode=Full_Duplex_Slave
PA11.Signal=SPI3_MOSI
PA2.Locked=true
PA2.Mode=Serial_Wire
PA2.Signal=DEBUG_SWDIO
PA3.Mode=Serial_Wire
PA3.Signal=DEBUG_SWCLK
PA8.Locked=true
PA8.Mode=Full_Duplex_Slave
PA8.Signal=SPI3_MISO
PA9.Locked=true
PA9.Mode=NSS_Signal_Hard_Input
PA9.Signal=SPI3_NSS
PB0.Locked=true
PB0.Mode=WakeUp0
PB0.Signal=PWR_WKUP0
PB12.Mode=LSE-External-Oscillator
PB12.Signal=RCC_OSC32_OUT
PB13.Mode=LSE-External-Oscillator
PB13.Signal=RCC_OSC32_IN
PB14.Mode=Clock-out
PB14.Signal=RCC_MCO
PB2.GPIOParameters=GPIO_Label
PB2.GPIO_Label=BLE_INT
PB2.Locked=true
PB2.Signal=GPIO_Input
PB3.Locked=true
PB3.Mode=Full_Duplex_Slave
PB3.Signal=SPI3_SCK
PB4.GPIOParameters=GPIO_Label
PB4.GPIO_Label=CAL_IN
PB4.Locked=true
PB4.Signal=S_TIM2_CH1
PB5.GPIOParameters=GPIO_Label
PB5.GPIO_Label=RUN
PB5.Locked=true
PB5.Signal=GPIO_Output
PB6.Mode=Asynchronous
PB6.Signal=LPUART1_TX
PB7.Mode=Asynchronous
PB7.Signal=LPUART1_RX
PCC.Checker=false
PCC.Display=Plot\: All Steps
PCC.Line=STM32WBx9
PCC.MCU=STM32WB09KEVx
PCC.PartNumber=STM32WB09KEVx
PCC.Series=STM32WB0
PCC.Temperature=25
PCC.Vdd=3.3
PinOutPanel.RotationAngle=0
ProjectManager.AskForMigrate=true
ProjectManager.BackupPrevious=false
ProjectManager.CompilerLinker=GCC
ProjectManager.CompilerOptimize=6
ProjectManager.ComputerToolchain=false
ProjectManager.CoupleFile=false
ProjectManager.CustomerFirmwarePackage=
ProjectManager.DefaultFWLocation=true
ProjectManager.DeletePrevious=true
ProjectManager.DeviceId=STM32WB09KEVx
ProjectManager.FirmwarePackage=STM32Cube FW_WB0 V1.4.1
ProjectManager.FreePins=false
ProjectManager.FreePinsContext=
ProjectManager.HalAssertFull=false
ProjectManager.HeapSize=0x000
ProjectManager.KeepUserCode=true
ProjectManager.LastFirmware=true
ProjectManager.LibraryCopy=1
ProjectManager.MainLocation=Core/Src
ProjectManager.NoMain=false
ProjectManager.PreviousToolchain=
ProjectManager.ProjectBuild=false
ProjectManager.ProjectFileName=Comms.ioc
ProjectManager.ProjectName=Comms
ProjectManager.ProjectStructure=
ProjectManager.RegisterCallBack=
ProjectManager.StackSize=0xC00
ProjectManager.TargetToolchain=CMake
ProjectManager.ToolChainLocation=
ProjectManager.UAScriptAfterPath=
ProjectManager.UAScriptBeforePath=
ProjectManager.UnderRoot=false
ProjectManager.functionlistsort=1-SystemClock_Config-RCC-false-HAL-false,0-MX_CORTEX_M0+_Init-CORTEX_M0+-false-HAL-true,0-MX_PWR_Init-PWR-false-HAL-true
RCC.BLEFreq_VALUE=32000000
RCC.CLKI2S3Freq_VALUE=64000000
RCC.CLKSYSFreq_VALUE=32000000
RCC.CLKSYSMultSource=SYSCLK32Prescaler
RCC.Clk16MHzFreq_VALUE=16000000
RCC.Clk16MHzSource=CLK16MHzDiv2
RCC.Clk32MHzFreq_VALUE=32000000
RCC.Clk32MHzSource=SysCLKOutput
RCC.ClkSMPSFreq_VALUE=4000000
RCC.FamilyName=M
RCC.HSE_VALUE=32000000
RCC.HSI_VALUE=64000000
RCC.IPParameters=BLEFreq_VALUE,CLKI2S3Freq_VALUE,CLKSYSFreq_VALUE,CLKSYSMultSource,Clk16MHzFreq_VALUE,Clk16MHzSource,Clk32MHzFreq_VALUE,Clk32MHzSource,ClkSMPSFreq_VALUE,FamilyName,HSE_VALUE,HSI_VALUE,LPUARTFreq_VALUE,LSCOPinFreq_Value,LSI_VALUE,MCO1PinFreq_Value,RC64MPLLSource,RTCClockSelection,RTCFreq_Value,SYSCLKSource,SysCLKFreq_VALUE
RCC.LPUARTFreq_VALUE=16000000
RCC.LSCOPinFreq_Value=32000
RCC.LSI_VALUE=32000
RCC.MCO1PinFreq_Value=32000000
RCC.RC64MPLLSource=RCC_LSCOSOURCE_PLL64
RCC.RTCClockSelection=RCC_RTC_WDG_BLEWKUP_CLKSOURCE_LSE
RCC.RTCFreq_Value=32768
RCC.SYSCLKSource=RCC_SYSCLKSOURCE_DIRECT_HSE
RCC.SysCLKFreq_VALUE=32000000
RF1.Mode=RF1_Activate
RF1.Signal=RADIO_RF1
SH.S_TIM2_CH1.0=TIM2_CH1,Input_Capture1_from_TI1
SH.S_TIM2_CH1.ConfNb=1
SPI3.Direction=SPI_DIRECTION_2LINES
SPI3.IPParameters=VirtualType,Mode,Direction,VirtualNSS
SPI3.Mode=SPI_MODE_SLAVE
SPI3.VirtualNSS=VM_NSSHARD
SPI3.VirtualType=VM_SLAVE
TIM2.Channel-Input_Capture1_from_TI1=TIM_CHANNEL_1
TIM2.IPParameters=Channel-Input_Capture1_from_TI1
VP_MEMORYMAP_VS_MEMORYMAP.Mode=CurAppReg
VP_MEMORYMAP_VS_MEMORYMAP.Signal=MEMORYMAP_VS_MEMORYMAP
VP_PWR_VS_SECSignals.Mode=Security/Privilege
VP_PWR_VS_SECSignals.Signal=PWR_VS_SECSignals
VP_RADIO_TIMER_VS_RADIO.Mode=RADIO_Activate
VP_RADIO_TIMER_VS_RADIO.Signal=RADIO_TIMER_VS_RADIO
VP_SYS_VS_Systick.Mode=SysTick
VP_SYS_VS_Systick.Signal=SYS_VS_Systick
VP_TIM2_VS_ClockSourceINT.Mode=Internal
VP_TIM2_VS_ClockSourceINT.Signal=TIM2_VS_ClockSourceINT
board=custom
