#MicroXplorer Configuration settings - do not modify
CAD.formats=[]
CAD.pinconfig=Dual
CAD.provider=
File.Version=6
GPIO.groupedBy=
KeepUserPlacement=false
MMTAppRegionsCount=0
MMTConfigApplied=false
MMTSectionSuffix=
Mcu.CPN=STM32WB09KEV6TR
Mcu.Family=STM32WB0
Mcu.IP0=ADV_TRACE
Mcu.IP1=COMMON_BLE
Mcu.IP10=RADIO
Mcu.IP11=RADIO_TIMER
Mcu.IP12=RCC
Mcu.IP13=RNG
Mcu.IP14=RTC
Mcu.IP15=SEQUENCER
Mcu.IP16=STM32_BLE
Mcu.IP17=SYS
Mcu.IP18=TIM2
Mcu.IP19=TINY_LPM
Mcu.IP2=CORTEX_M0+
Mcu.IP20=USART1
Mcu.IP3=DEBUG
Mcu.IP4=LPUART1
Mcu.IP5=MEMORYMAP
Mcu.IP6=MISC
Mcu.IP7=NVIC
Mcu.IP8=PKA
Mcu.IP9=PWR
Mcu.IPNb=21
Mcu.Name=STM32WB09KEVx
Mcu.Package=VFQFPN32
Mcu.Pin0=PB3
Mcu.Pin1=PB2
Mcu.Pin10=OSCIN
Mcu.Pin11=PB15
Mcu.Pin12=PB13
Mcu.Pin13=PB12
Mcu.Pin14=PB7
Mcu.Pin15=PB6
Mcu.Pin16=PB4
Mcu.Pin17=VP_ADV_TRACE_VS_ADV_TRACE
Mcu.Pin18=VP_COMMON_BLE_VS_Utility_Common_BLE_1.0.0_1.0.0
Mcu.Pin19=VP_MISC_VS_MISC
Mcu.Pin2=PB1
Mcu.Pin20=VP_PKA_VS_PKA
Mcu.Pin21=VP_PWR_VS_SECSignals
Mcu.Pin22=VP_RADIO_TIMER_VS_RADIO
Mcu.Pin23=VP_RNG_VS_RNG
Mcu.Pin24=VP_RTC_VS_RTC_Activate
Mcu.Pin25=VP_RTC_VS_RTC_Calendar
Mcu.Pin26=VP_SEQUENCER_VS_SEQUENCER
Mcu.Pin27=VP_STM32_BLE_VS_BLE_HOST_SP
Mcu.Pin28=VP_SYS_VS_Systick
Mcu.Pin29=VP_TIM2_VS_ClockSourceINT
Mcu.Pin3=PB0
Mcu.Pin30=VP_TINY_LPM_VS_TINY_LPM
Mcu.Pin31=VP_MEMORYMAP_VS_MEMORYMAP
Mcu.Pin4=PA3
Mcu.Pin5=PA2
Mcu.Pin6=PA8
Mcu.Pin7=PA9
Mcu.Pin8=RF1
Mcu.Pin9=OSCOUT
Mcu.PinsNb=32
Mcu.ThirdPartyNb=0
Mcu.UserConstants=
Mcu.UserName=STM32WB09KEVx
MxCube.Version=6.17.0
MxDb.Version=DB.6.0.170
NVIC.ForceEnableDMAVector=true
NVIC.HardFault_IRQn=true\:0\:0\:false\:false\:true\:false\:false\:false
NVIC.NonMaskableInt_IRQn=true\:0\:0\:false\:false\:true\:false\:false\:false
NVIC.PendSV_IRQn=true\:0\:0\:false\:false\:true\:false\:false\:false
NVIC.RADIO_RRM_IRQn=true\:0\:0\:false\:false\:true\:false\:true\:true
NVIC.RADIO_TIMER_CPU_WKUP_IRQn=true\:0\:0\:false\:false\:true\:false\:true\:true
NVIC.RADIO_TIMER_ERROR_IRQn=true\:0\:0\:false\:false\:true\:false\:true\:true
NVIC.RADIO_TXRX_IRQn=true\:0\:0\:false\:false\:true\:false\:true\:true
NVIC.RADIO_TXRX_SEQ_IRQn=true\:0\:0\:false\:false\:true\:false\:true\:true
NVIC.SVCall_IRQn=true\:0\:0\:false\:false\:true\:false\:false\:false
NVIC.SysTick_IRQn=true\:3\:0\:false\:false\:true\:false\:true\:false
OSCIN.Mode=HSE-External-Oscillator
OSCIN.Signal=RCC_OSC_IN
OSCOUT.Mode=HSE-External-Oscillator
OSCOUT.Signal=RCC_OSC_OUT
PA2.Locked=true
PA2.Mode=Serial_Wire
PA2.Signal=DEBUG_SWDIO
PA3.Mode=Serial_Wire
PA3.Signal=DEBUG_SWCLK
PA8.Locked=true
PA8.Mode=Asynchronous
PA8.Signal=USART1_RX
PA9.Locked=true
PA9.Mode=Asynchronous
PA9.Signal=USART1_TX
PB0.GPIOParameters=GPIO_Label
PB0.GPIO_Label=STATUS
PB0.Locked=true
PB0.Signal=GPIO_Output
PB1.GPIOParameters=GPIO_Label
PB1.GPIO_Label=BUTTON
PB1.Locked=true
PB1.Signal=GPIO_Input
PB12.Mode=LSE-External-Oscillator
PB12.Signal=RCC_OSC32_OUT
PB13.Mode=LSE-External-Oscillator
PB13.Signal=RCC_OSC32_IN
PB15.GPIOParameters=GPIO_Label
PB15.GPIO_Label=RUN
PB15.Locked=true
PB15.Signal=GPIO_Output
PB2.GPIOParameters=GPIO_Label
PB2.GPIO_Label=BLE_INT
PB2.Locked=true
PB2.Signal=GPIO_Input
PB3.GPIOParameters=GPIO_Label
PB3.GPIO_Label=WAKEUP
PB3.Locked=true
PB3.Mode=WakeUp3
PB3.Signal=PWR_WKUP3
PB4.GPIOParameters=GPIO_Label
PB4.GPIO_Label=CAL_IN
PB4.Locked=true
PB4.Signal=S_TIM2_CH1
PB6.Mode=Asynchronous
PB6.Signal=LPUART1_TX
PB7.Mode=Asynchronous
PB7.Signal=LPUART1_RX
PCC.Checker=false
PCC.Display=Plot\: All Steps
PCC.Line=STM32WBx9
PCC.MCU=STM32WB09KEVx
PCC.PartNumber=STM32WB09KEVx
PCC.Series=STM32WB0
PCC.Temperature=25
PCC.Vdd=3.3
PinOutPanel.RotationAngle=0
ProjectManager.AskForMigrate=true
ProjectManager.BackupPrevious=false
ProjectManager.CompilerLinker=GCC
ProjectManager.CompilerOptimize=6
ProjectManager.ComputerToolchain=false
ProjectManager.CoupleFile=false
ProjectManager.CustomerFirmwarePackage=
ProjectManager.DefaultFWLocation=true
ProjectManager.DeletePrevious=true
ProjectManager.DeviceId=STM32WB09KEVx
ProjectManager.FirmwarePackage=STM32Cube FW_WB0 V1.4.1
ProjectManager.FreePins=false
ProjectManager.FreePinsContext=
ProjectManager.HalAssertFull=false
ProjectManager.HeapSize=0x000
ProjectManager.KeepUserCode=true
ProjectManager.LastFirmware=true
ProjectManager.LibraryCopy=1
ProjectManager.MainLocation=Core/Src
ProjectManager.NoMain=false
ProjectManager.PreviousToolchain=
ProjectManager.ProjectBuild=false
ProjectManager.ProjectFileName=Comms.ioc
ProjectManager.ProjectName=Comms
ProjectManager.ProjectStructure=
ProjectManager.RegisterCallBack=UART
ProjectManager.StackSize=0xC00
ProjectManager.TargetToolchain=CMake
ProjectManager.ToolChainLocation=
ProjectManager.UAScriptAfterPath=
ProjectManager.UAScriptBeforePath=
ProjectManager.UnderRoot=false
ProjectManager.functionlistsort=1-SystemClock_Config-RCC-false-HAL-false,2-MX_GPIO_Init-GPIO-false-HAL-true,3-MX_LPUART1_UART_Init-LPUART1-false-HAL-true,4-MX_RADIO_Init-RADIO-false-HAL-true,5-MX_RADIO_TIMER_Init-RADIO_TIMER-false-HAL-true,6-MX_TIM2_Init-TIM2-false-HAL-true,7-MX_RNG_Init-RNG-false-HAL-true,8-MX_PKA_Init-PKA-false-HAL-true,9-MX_RTC_Init-RTC-false-HAL-true,10-APPE_Init-STM32_BLE-false-HAL-false,0-MX_CORTEX_M0+_Init-CORTEX_M0+-false-HAL-true,0-MX_PWR_Init-PWR-false-HAL-true
RCC.BLEFreq_VALUE=32000000
RCC.CLKI2S3Freq_VALUE=64000000
RCC.CLKSYSFreq_VALUE=64000000
RCC.Clk16MHzFreq_VALUE=16000000
RCC.Clk32MHzFreq_VALUE=32000000
RCC.ClkSMPSFreq_VALUE=4000000
RCC.FamilyName=M
RCC.HSE_VALUE=32000000
RCC.HSI_VALUE=64000000
RCC.IPParameters=BLEFreq_VALUE,CLKI2S3Freq_VALUE,CLKSYSFreq_VALUE,Clk16MHzFreq_VALUE,Clk32MHzFreq_VALUE,ClkSMPSFreq_VALUE,FamilyName,HSE_VALUE,HSI_VALUE,LPUARTFreq_VALUE,LSCOPinFreq_Value,LSI_VALUE,MCO1PinFreq_Value,RC64MPLLSource,RCC_MCO1Source,RTCClockSelection,RTCFreq_Value,SysCLKFreq_VALUE
RCC.LPUARTFreq_VALUE=16000000
RCC.LSCOPinFreq_Value=32000
RCC.LSI_VALUE=32000
RCC.MCO1PinFreq_Value=32000000
RCC.RC64MPLLSource=RCC_LSCOSOURCE_PLL64
RCC.RCC_MCO1Source=RCC_MCO1SOURCE_HSE
RCC.RTCClockSelection=RCC_RTC_WDG_BLEWKUP_CLKSOURCE_LSE
RCC.RTCFreq_Value=32768
RCC.SysCLKFreq_VALUE=64000000
RF1.Mode=RF1_Activate
RF1.Signal=RADIO_RF1
SH.S_TIM2_CH1.0=TIM2_CH1,Input_Capture1_from_TI1
SH.S_TIM2_CH1.ConfNb=1
STM32_BLE.BSP.number=1
STM32_BLE.IPParameters=NUMBER_OF_SERVICES,SERVICE1_UUID_128_INPUT_TYPE,SERVICE1_LONG_NAME,SERVICE1_SHORT_NAME,SERVICE1_NUMBER_OF_CHARACTERISTICS,SERVICE1_CHAR1_LONG_NAME,SERVICE1_CHAR1_SHORT_NAME,SERVICE1_CHAR1_LENGTH_CHARACTERISTIC,SERVICE1_CHAR1_VALUE_LENGTH
STM32_BLE.NUMBER_OF_SERVICES=1
STM32_BLE.SERVICE1_CHAR1_LENGTH_CHARACTERISTIC=CHAR_VALUE_LEN_CONSTANT
STM32_BLE.SERVICE1_CHAR1_LONG_NAME=Data
STM32_BLE.SERVICE1_CHAR1_SHORT_NAME=Data
STM32_BLE.SERVICE1_CHAR1_VALUE_LENGTH=16
STM32_BLE.SERVICE1_LONG_NAME=BombControl
STM32_BLE.SERVICE1_NUMBER_OF_CHARACTERISTICS=1
STM32_BLE.SERVICE1_SHORT_NAME=BC
STM32_BLE.SERVICE1_UUID_128_INPUT_TYPE=0
STM32_BLE0.BSP.STBoard=false
STM32_BLE0.BSP.api=Unknown
STM32_BLE0.BSP.component=
STM32_BLE0.BSP.condition=
STM32_BLE0.BSP.instance=LPUART1
STM32_BLE0.BSP.ip=(LPU|US)ART
STM32_BLE0.BSP.mode=Asynchronous
STM32_BLE0.BSP.name=Serial Link for Traces
STM32_BLE0.BSP.semaphore=
STM32_BLE0.BSP.solution=LPUART1
TIM2.Channel-Input_Capture1_from_TI1=TIM_CHANNEL_1
TIM2.IPParameters=Channel-Input_Capture1_from_TI1
USART1.IPParameters=VirtualMode-Asynchronous
USART1.VirtualMode-Asynchronous=VM_ASYNC
VP_ADV_TRACE_VS_ADV_TRACE.Mode=ADV_TRACE_Enabled
VP_ADV_TRACE_VS_ADV_TRACE.Signal=ADV_TRACE_VS_ADV_TRACE
VP_COMMON_BLE_VS_Utility_Common_BLE_1.0.0_1.0.0.Mode=Utility_Common
VP_COMMON_BLE_VS_Utility_Common_BLE_1.0.0_1.0.0.Signal=COMMON_BLE_VS_Utility_Common_BLE_1.0.0_1.0.0
VP_MEMORYMAP_VS_MEMORYMAP.Mode=CurAppReg
VP_MEMORYMAP_VS_MEMORYMAP.Signal=MEMORYMAP_VS_MEMORYMAP
VP_MISC_VS_MISC.Mode=MISC_Enabled
VP_MISC_VS_MISC.Signal=MISC_VS_MISC
VP_PKA_VS_PKA.Mode=PKA_Activate
VP_PKA_VS_PKA.Signal=PKA_VS_PKA
VP_PWR_VS_SECSignals.Mode=Security/Privilege
VP_PWR_VS_SECSignals.Signal=PWR_VS_SECSignals
VP_RADIO_TIMER_VS_RADIO.Mode=RADIO_Activate
VP_RADIO_TIMER_VS_RADIO.Signal=RADIO_TIMER_VS_RADIO
VP_RNG_VS_RNG.Mode=RNG_Activate
VP_RNG_VS_RNG.Signal=RNG_VS_RNG
VP_RTC_VS_RTC_Activate.Mode=RTC_Enabled
VP_RTC_VS_RTC_Activate.Signal=RTC_VS_RTC_Activate
VP_RTC_VS_RTC_Calendar.Mode=RTC_Calendar
VP_RTC_VS_RTC_Calendar.Signal=RTC_VS_RTC_Calendar
VP_SEQUENCER_VS_SEQUENCER.Mode=SEQUENCER_Enabled
VP_SEQUENCER_VS_SEQUENCER.Signal=SEQUENCER_VS_SEQUENCER
VP_STM32_BLE_VS_BLE_HOST_SP.Mode=BLE_Server
VP_STM32_BLE_VS_BLE_HOST_SP.Signal=STM32_BLE_VS_BLE_HOST_SP
VP_SYS_VS_Systick.Mode=SysTick
VP_SYS_VS_Systick.Signal=SYS_VS_Systick
VP_TIM2_VS_ClockSourceINT.Mode=Internal
VP_TIM2_VS_ClockSourceINT.Signal=TIM2_VS_ClockSourceINT
VP_TINY_LPM_VS_TINY_LPM.Mode=TINY_LPM_Enabled
VP_TINY_LPM_VS_TINY_LPM.Signal=TINY_LPM_VS_TINY_LPM
board=custom
